NeoBundleLock YouCompleteMe c5a5145082f34cb4821539c08fb29fad805a4cbf
NeoBundleLock ctrlp.vim 5f317f0285c279ca77acea37e9e746111a0ecfe2
NeoBundleLock delimitMate d24ad6b301685cd3b9278420248cc780fdc8fc59
NeoBundleLock neobundle.vim 5f3b67166d8a4b1dd073aea39850058521fe891f
NeoBundleLock nerdcommenter 6549cfde45339bd4f711504196ff3e8b766ef5e6
NeoBundleLock nerdtree 86e2e40af161e65a3ad671214f16f23af360a5a7
NeoBundleLock rainbow 704d27bc6a1965ba176554a06ae5bb24e28ff529
NeoBundleLock syntastic 7014a52acefa594d45c40b3eaefee70549bdcaeb
NeoBundleLock vim-airline cdc6d98a09db60d3dda58815616f78338cbdaa9d
NeoBundleLock vim-fugitive b319b694539017dcd789dc2c42f784a30d7b28b8
NeoBundleLock vim-surround 772ab9587b7d1e2c3bae75395c9123803059ba8a
